
Microsoft Visual Studio Solution File, Format Version 12.00
# Visual Studio Version 16
VisualStudioVersion = 16.0.31729.503
MinimumVisualStudioVersion = 10.0.40219.1
Project("{FAE04EC0-301F-11D3-BF4B-00C04F79EFBC}") = "TP2-ServiceServer", "TP2-ServiceServer\TP2-ServiceServer.csproj", "{20E1D4AD-8ADE-41A4-A1F2-281C5EB8FDF2}"
EndProject
Global
	GlobalSection(SolutionConfigurationPlatforms) = preSolution
		Debug|Any CPU = Debug|Any CPU
		Release|Any CPU = Release|Any CPU
	EndGlobalSection
	GlobalSection(ProjectConfigurationPlatforms) = postSolution
		{20E1D4AD-8ADE-41A4-A1F2-281C5EB8FDF2}.Debug|Any CPU.ActiveCfg = Debug|Any CPU
		{20E1D4AD-8ADE-41A4-A1F2-281C5EB8FDF2}.Debug|Any CPU.Build.0 = Debug|Any CPU
		{20E1D4AD-8ADE-41A4-A1F2-281C5EB8FDF2}.Release|Any CPU.ActiveCfg = Release|Any CPU
		{20E1D4AD-8ADE-41A4-A1F2-281C5EB8FDF2}.Release|Any CPU.Build.0 = Release|Any CPU
	EndGlobalSection
	GlobalSection(SolutionProperties) = preSolution
		HideSolutionNode = FALSE
	EndGlobalSection
	GlobalSection(ExtensibilityGlobals) = postSolution
		SolutionGuid = {C81F5954-A3D9-4EEF-ABB3-584302FA5E98}
	EndGlobalSection
EndGlobal
